// !$*UTF8*$!
{
	archiveVersion = 1;
	classes = {
	};
	objectVersion = 77;
	objects = {

/* Begin PBXBuildFile section */
		4D14D6532EC4B18400289E5F /* DatePickerView.swift in Sources */ = {isa = PBXBuildFile; fileRef = 4D14D6522EC4B18400289E5F /* DatePickerView.swift */; };
		4D6B5D3C2EC358F40060D37E /* StatisticViewController.swift in Sources */ = {isa = PBXBuildFile; fileRef = 4D6B5D352EC358F40060D37E /* StatisticViewController.swift */; };
		4D6B5D3D2EC358F40060D37E /* TabBarController.swift in Sources */ = {isa = PBXBuildFile; fileRef = 4D6B5D372EC358F40060D37E /* TabBarController.swift */; };
		4D6B5D3E2EC358F40060D37E /* TrackersViewController.swift in Sources */ = {isa = PBXBuildFile; fileRef = 4D6B5D392EC358F40060D37E /* TrackersViewController.swift */; };
		4DBF54F92ECB583A00076E0F /* UISearchBarDelegate.swift in Sources */ = {isa = PBXBuildFile; fileRef = 4DBF54F32ECB583A00076E0F /* UISearchBarDelegate.swift */; };
		4DBF55A52ECF46E000076E0F /* TrackerCollectionViewCell.swift in Sources */ = {isa = PBXBuildFile; fileRef = 4DBF55A12ECF46E000076E0F /* TrackerCollectionViewCell.swift */; };
		4DBF55A62ECF46E000076E0F /* CollectionDataSource.swift in Sources */ = {isa = PBXBuildFile; fileRef = 4DBF55A22ECF46E000076E0F /* CollectionDataSource.swift */; };
		4DBF55A72ECF46E000076E0F /* TrackersCollectionView.swift in Sources */ = {isa = PBXBuildFile; fileRef = 4DBF55A32ECF46E000076E0F /* TrackersCollectionView.swift */; };
		4DBF55AA2ECF474800076E0F /* CollectionDelegateFlowLayout.swift in Sources */ = {isa = PBXBuildFile; fileRef = 4DBF55A92ECF474800076E0F /* CollectionDelegateFlowLayout.swift */; };
		4DBF55AE2ECF9C4700076E0F /* TrackerSectionHeaderView.swift in Sources */ = {isa = PBXBuildFile; fileRef = 4DBF55AD2ECF9C4700076E0F /* TrackerSectionHeaderView.swift */; };
		4DBF55B42ECFCE4A00076E0F /* TrackersMockData.swift in Sources */ = {isa = PBXBuildFile; fileRef = 4DBF55B32ECFCE4A00076E0F /* TrackersMockData.swift */; };
		4DBF55BD2ED07FA200076E0F /* AddTrackerViewController.swift in Sources */ = {isa = PBXBuildFile; fileRef = 4DBF55BB2ED07FA200076E0F /* AddTrackerViewController.swift */; };
		4DBF55CA2ED0ED3000076E0F /* TrackerSettingsCell.swift in Sources */ = {isa = PBXBuildFile; fileRef = 4DBF55C72ED0ED3000076E0F /* TrackerSettingsCell.swift */; };
		4DBF55CB2ED0ED3000076E0F /* TrackerSettingsTableView.swift in Sources */ = {isa = PBXBuildFile; fileRef = 4DBF55C82ED0ED3000076E0F /* TrackerSettingsTableView.swift */; };
		4DBF55CD2ED1EACA00076E0F /* UITextFieldDelegate.swift in Sources */ = {isa = PBXBuildFile; fileRef = 4DBF55CC2ED1EACA00076E0F /* UITextFieldDelegate.swift */; };
		4DBF55D72ED39A0800076E0F /* ScheduleViewController.swift in Sources */ = {isa = PBXBuildFile; fileRef = 4DBF55D52ED39A0800076E0F /* ScheduleViewController.swift */; };
		4DBF55DB2ED3ABB500076E0F /* ScheduleTableView.swift in Sources */ = {isa = PBXBuildFile; fileRef = 4DBF55DA2ED3ABB500076E0F /* ScheduleTableView.swift */; };
		4DBF55DD2ED3ABCB00076E0F /* ScheduleCell.swift in Sources */ = {isa = PBXBuildFile; fileRef = 4DBF55DC2ED3ABCB00076E0F /* ScheduleCell.swift */; };
/* End PBXBuildFile section */

/* Begin PBXContainerItemProxy section */
		4D6B5C8C2EC221B00060D37E /* PBXContainerItemProxy */ = {
			isa = PBXContainerItemProxy;
			containerPortal = 4D6B5C6D2EC221AE0060D37E /* Project object */;
			proxyType = 1;
			remoteGlobalIDString = 4D6B5C742EC221AE0060D37E;
			remoteInfo = Tracker;
		};
		4D6B5C962EC221B00060D37E /* PBXContainerItemProxy */ = {
			isa = PBXContainerItemProxy;
			containerPortal = 4D6B5C6D2EC221AE0060D37E /* Project object */;
			proxyType = 1;
			remoteGlobalIDString = 4D6B5C742EC221AE0060D37E;
			remoteInfo = Tracker;
		};
/* End PBXContainerItemProxy section */

/* Begin PBXFileReference section */
		4D14D6522EC4B18400289E5F /* DatePickerView.swift */ = {isa = PBXFileReference; lastKnownFileType = sourcecode.swift; path = DatePickerView.swift; sourceTree = "<group>"; };
		4D6B5C752EC221AE0060D37E /* Tracker.app */ = {isa = PBXFileReference; explicitFileType = wrapper.application; includeInIndex = 0; path = Tracker.app; sourceTree = BUILT_PRODUCTS_DIR; };
		4D6B5C8B2EC221B00060D37E /* TrackerTests.xctest */ = {isa = PBXFileReference; explicitFileType = wrapper.cfbundle; includeInIndex = 0; path = TrackerTests.xctest; sourceTree = BUILT_PRODUCTS_DIR; };
		4D6B5C952EC221B00060D37E /* TrackerUITests.xctest */ = {isa = PBXFileReference; explicitFileType = wrapper.cfbundle; includeInIndex = 0; path = TrackerUITests.xctest; sourceTree = BUILT_PRODUCTS_DIR; };
		4D6B5D352EC358F40060D37E /* StatisticViewController.swift */ = {isa = PBXFileReference; lastKnownFileType = sourcecode.swift; path = StatisticViewController.swift; sourceTree = "<group>"; };
		4D6B5D372EC358F40060D37E /* TabBarController.swift */ = {isa = PBXFileReference; lastKnownFileType = sourcecode.swift; path = TabBarController.swift; sourceTree = "<group>"; };
		4D6B5D392EC358F40060D37E /* TrackersViewController.swift */ = {isa = PBXFileReference; lastKnownFileType = sourcecode.swift; path = TrackersViewController.swift; sourceTree = "<group>"; };
		4DBF54F32ECB583A00076E0F /* UISearchBarDelegate.swift */ = {isa = PBXFileReference; lastKnownFileType = sourcecode.swift; path = UISearchBarDelegate.swift; sourceTree = "<group>"; };
		4DBF55A12ECF46E000076E0F /* TrackerCollectionViewCell.swift */ = {isa = PBXFileReference; lastKnownFileType = sourcecode.swift; path = TrackerCollectionViewCell.swift; sourceTree = "<group>"; };
		4DBF55A22ECF46E000076E0F /* CollectionDataSource.swift */ = {isa = PBXFileReference; lastKnownFileType = sourcecode.swift; path = CollectionDataSource.swift; sourceTree = "<group>"; };
		4DBF55A32ECF46E000076E0F /* TrackersCollectionView.swift */ = {isa = PBXFileReference; lastKnownFileType = sourcecode.swift; path = TrackersCollectionView.swift; sourceTree = "<group>"; };
		4DBF55A92ECF474800076E0F /* CollectionDelegateFlowLayout.swift */ = {isa = PBXFileReference; lastKnownFileType = sourcecode.swift; path = CollectionDelegateFlowLayout.swift; sourceTree = "<group>"; };
		4DBF55AD2ECF9C4700076E0F /* TrackerSectionHeaderView.swift */ = {isa = PBXFileReference; lastKnownFileType = sourcecode.swift; path = TrackerSectionHeaderView.swift; sourceTree = "<group>"; };
		4DBF55B32ECFCE4A00076E0F /* TrackersMockData.swift */ = {isa = PBXFileReference; lastKnownFileType = sourcecode.swift; path = TrackersMockData.swift; sourceTree = "<group>"; };
		4DBF55BB2ED07FA200076E0F /* AddTrackerViewController.swift */ = {isa = PBXFileReference; lastKnownFileType = sourcecode.swift; path = AddTrackerViewController.swift; sourceTree = "<group>"; };
		4DBF55C72ED0ED3000076E0F /* TrackerSettingsCell.swift */ = {isa = PBXFileReference; lastKnownFileType = sourcecode.swift; path = TrackerSettingsCell.swift; sourceTree = "<group>"; };
		4DBF55C82ED0ED3000076E0F /* TrackerSettingsTableView.swift */ = {isa = PBXFileReference; lastKnownFileType = sourcecode.swift; path = TrackerSettingsTableView.swift; sourceTree = "<group>"; };
		4DBF55CC2ED1EACA00076E0F /* UITextFieldDelegate.swift */ = {isa = PBXFileReference; lastKnownFileType = sourcecode.swift; path = UITextFieldDelegate.swift; sourceTree = "<group>"; };
		4DBF55D52ED39A0800076E0F /* ScheduleViewController.swift */ = {isa = PBXFileReference; lastKnownFileType = sourcecode.swift; path = ScheduleViewController.swift; sourceTree = "<group>"; };
		4DBF55DA2ED3ABB500076E0F /* ScheduleTableView.swift */ = {isa = PBXFileReference; lastKnownFileType = sourcecode.swift; path = ScheduleTableView.swift; sourceTree = "<group>"; };
		4DBF55DC2ED3ABCB00076E0F /* ScheduleCell.swift */ = {isa = PBXFileReference; lastKnownFileType = sourcecode.swift; path = ScheduleCell.swift; sourceTree = "<group>"; };
/* End PBXFileReference section */

/* Begin PBXFileSystemSynchronizedBuildFileExceptionSet section */
		4D6B5D472EC3E7520060D37E /* Exceptions for "Resources" folder in "Tracker" target */ = {
			isa = PBXFileSystemSynchronizedBuildFileExceptionSet;
			membershipExceptions = (
				Info.plist,
			);
			target = 4D6B5C742EC221AE0060D37E /* Tracker */;
		};
/* End PBXFileSystemSynchronizedBuildFileExceptionSet section */

/* Begin PBXFileSystemSynchronizedRootGroup section */
		4D14D72B2EC7CDC300289E5F /* Models */ = {
			isa = PBXFileSystemSynchronizedRootGroup;
			path = Models;
			sourceTree = "<group>";
		};
		4D6B5C8E2EC221B00060D37E /* TrackerTests */ = {
			isa = PBXFileSystemSynchronizedRootGroup;
			path = TrackerTests;
			sourceTree = "<group>";
		};
		4D6B5C982EC221B00060D37E /* TrackerUITests */ = {
			isa = PBXFileSystemSynchronizedRootGroup;
			path = TrackerUITests;
			sourceTree = "<group>";
		};
		4D6B5D2B2EC25A550060D37E /* Resources */ = {
			isa = PBXFileSystemSynchronizedRootGroup;
			exceptions = (
				4D6B5D472EC3E7520060D37E /* Exceptions for "Resources" folder in "Tracker" target */,
			);
			path = Resources;
			sourceTree = "<group>";
		};
		4D6B5D2C2EC25AA40060D37E /* App */ = {
			isa = PBXFileSystemSynchronizedRootGroup;
			path = App;
			sourceTree = "<group>";
		};
		4D6B5D3F2EC361050060D37E /* Shared */ = {
			isa = PBXFileSystemSynchronizedRootGroup;
			path = Shared;
			sourceTree = "<group>";
		};
/* End PBXFileSystemSynchronizedRootGroup section */

/* Begin PBXFrameworksBuildPhase section */
		4D6B5C722EC221AE0060D37E /* Frameworks */ = {
			isa = PBXFrameworksBuildPhase;
			buildActionMask = 2147483647;
			files = (
			);
			runOnlyForDeploymentPostprocessing = 0;
		};
		4D6B5C882EC221B00060D37E /* Frameworks */ = {
			isa = PBXFrameworksBuildPhase;
			buildActionMask = 2147483647;
			files = (
			);
			runOnlyForDeploymentPostprocessing = 0;
		};
		4D6B5C922EC221B00060D37E /* Frameworks */ = {
			isa = PBXFrameworksBuildPhase;
			buildActionMask = 2147483647;
			files = (
			);
			runOnlyForDeploymentPostprocessing = 0;
		};
/* End PBXFrameworksBuildPhase section */

/* Begin PBXGroup section */
		4D6B5C6C2EC221AE0060D37E = {
			isa = PBXGroup;
			children = (
				4D6B5CB22EC227390060D37E /* Tracker */,
				4D6B5C8E2EC221B00060D37E /* TrackerTests */,
				4D6B5C982EC221B00060D37E /* TrackerUITests */,
				4D6B5C762EC221AE0060D37E /* Products */,
			);
			sourceTree = "<group>";
		};
		4D6B5C762EC221AE0060D37E /* Products */ = {
			isa = PBXGroup;
			children = (
				4D6B5C752EC221AE0060D37E /* Tracker.app */,
				4D6B5C8B2EC221B00060D37E /* TrackerTests.xctest */,
				4D6B5C952EC221B00060D37E /* TrackerUITests.xctest */,
			);
			name = Products;
			sourceTree = "<group>";
		};
		4D6B5CB22EC227390060D37E /* Tracker */ = {
			isa = PBXGroup;
			children = (
				4D6B5D2C2EC25AA40060D37E /* App */,
				4D14D72B2EC7CDC300289E5F /* Models */,
				4D6B5D3B2EC358F40060D37E /* Modules */,
				4DBF55B22ECFCDA600076E0F /* Mocks */,
				4D6B5D3F2EC361050060D37E /* Shared */,
				4D6B5D2B2EC25A550060D37E /* Resources */,
			);
			path = Tracker;
			sourceTree = "<group>";
		};
		4D6B5D362EC358F40060D37E /* StatisticViewController */ = {
			isa = PBXGroup;
			children = (
				4D6B5D352EC358F40060D37E /* StatisticViewController.swift */,
			);
			path = StatisticViewController;
			sourceTree = "<group>";
		};
		4D6B5D382EC358F40060D37E /* TabBarController */ = {
			isa = PBXGroup;
			children = (
				4D6B5D372EC358F40060D37E /* TabBarController.swift */,
			);
			path = TabBarController;
			sourceTree = "<group>";
		};
		4D6B5D3A2EC358F40060D37E /* TrackersViewController */ = {
			isa = PBXGroup;
			children = (
				4D6B5D392EC358F40060D37E /* TrackersViewController.swift */,
				4D14D6522EC4B18400289E5F /* DatePickerView.swift */,
				4DBF54F32ECB583A00076E0F /* UISearchBarDelegate.swift */,
				4DBF55A42ECF46E000076E0F /* TrackersCollectionView */,
			);
			path = TrackersViewController;
			sourceTree = "<group>";
		};
		4D6B5D3B2EC358F40060D37E /* Modules */ = {
			isa = PBXGroup;
			children = (
				4DBF55D62ED39A0800076E0F /* ScheduleViewController */,
				4DBF55BC2ED07FA200076E0F /* AddTrackerViewController */,
				4D6B5D382EC358F40060D37E /* TabBarController */,
				4D6B5D3A2EC358F40060D37E /* TrackersViewController */,
				4D6B5D362EC358F40060D37E /* StatisticViewController */,
			);
			path = Modules;
			sourceTree = "<group>";
		};
		4DBF55A42ECF46E000076E0F /* TrackersCollectionView */ = {
			isa = PBXGroup;
			children = (
				4DBF55A12ECF46E000076E0F /* TrackerCollectionViewCell.swift */,
				4DBF55A32ECF46E000076E0F /* TrackersCollectionView.swift */,
				4DBF55A22ECF46E000076E0F /* CollectionDataSource.swift */,
				4DBF55A92ECF474800076E0F /* CollectionDelegateFlowLayout.swift */,
				4DBF55AD2ECF9C4700076E0F /* TrackerSectionHeaderView.swift */,
			);
			path = TrackersCollectionView;
			sourceTree = "<group>";
		};
		4DBF55B22ECFCDA600076E0F /* Mocks */ = {
			isa = PBXGroup;
			children = (
				4DBF55B32ECFCE4A00076E0F /* TrackersMockData.swift */,
			);
			path = Mocks;
			sourceTree = "<group>";
		};
		4DBF55BC2ED07FA200076E0F /* AddTrackerViewController */ = {
			isa = PBXGroup;
			children = (
				4DBF55BB2ED07FA200076E0F /* AddTrackerViewController.swift */,
				4DBF55CC2ED1EACA00076E0F /* UITextFieldDelegate.swift */,
				4DBF55C92ED0ED3000076E0F /* TrackerSettingsTableView */,
			);
			path = AddTrackerViewController;
			sourceTree = "<group>";
		};
		4DBF55C92ED0ED3000076E0F /* TrackerSettingsTableView */ = {
			isa = PBXGroup;
			children = (
				4DBF55C72ED0ED3000076E0F /* TrackerSettingsCell.swift */,
				4DBF55C82ED0ED3000076E0F /* TrackerSettingsTableView.swift */,
			);
			path = TrackerSettingsTableView;
			sourceTree = "<group>";
		};
		4DBF55D62ED39A0800076E0F /* ScheduleViewController */ = {
			isa = PBXGroup;
			children = (
				4DBF55D52ED39A0800076E0F /* ScheduleViewController.swift */,
				4DBF55D92ED3AB9500076E0F /* ScheduleTableView */,
			);
			path = ScheduleViewController;
			sourceTree = "<group>";
		};
		4DBF55D92ED3AB9500076E0F /* ScheduleTableView */ = {
			isa = PBXGroup;
			children = (
				4DBF55DA2ED3ABB500076E0F /* ScheduleTableView.swift */,
				4DBF55DC2ED3ABCB00076E0F /* ScheduleCell.swift */,
			);
			path = ScheduleTableView;
			sourceTree = "<group>";
		};
/* End PBXGroup section */

/* Begin PBXNativeTarget section */
		4D6B5C742EC221AE0060D37E /* Tracker */ = {
			isa = PBXNativeTarget;
			buildConfigurationList = 4D6B5C9E2EC221B00060D37E /* Build configuration list for PBXNativeTarget "Tracker" */;
			buildPhases = (
				4D6B5C712EC221AE0060D37E /* Sources */,
				4D6B5C722EC221AE0060D37E /* Frameworks */,
				4D6B5C732EC221AE0060D37E /* Resources */,
			);
			buildRules = (
			);
			dependencies = (
			);
			fileSystemSynchronizedGroups = (
				4D14D72B2EC7CDC300289E5F /* Models */,
				4D6B5D2B2EC25A550060D37E /* Resources */,
				4D6B5D2C2EC25AA40060D37E /* App */,
				4D6B5D3F2EC361050060D37E /* Shared */,
			);
			name = Tracker;
			packageProductDependencies = (
			);
			productName = Tracker;
			productReference = 4D6B5C752EC221AE0060D37E /* Tracker.app */;
			productType = "com.apple.product-type.application";
		};
		4D6B5C8A2EC221B00060D37E /* TrackerTests */ = {
			isa = PBXNativeTarget;
			buildConfigurationList = 4D6B5CA32EC221B00060D37E /* Build configuration list for PBXNativeTarget "TrackerTests" */;
			buildPhases = (
				4D6B5C872EC221B00060D37E /* Sources */,
				4D6B5C882EC221B00060D37E /* Frameworks */,
				4D6B5C892EC221B00060D37E /* Resources */,
			);
			buildRules = (
			);
			dependencies = (
				4D6B5C8D2EC221B00060D37E /* PBXTargetDependency */,
			);
			fileSystemSynchronizedGroups = (
				4D6B5C8E2EC221B00060D37E /* TrackerTests */,
			);
			name = TrackerTests;
			packageProductDependencies = (
			);
			productName = TrackerTests;
			productReference = 4D6B5C8B2EC221B00060D37E /* TrackerTests.xctest */;
			productType = "com.apple.product-type.bundle.unit-test";
		};
		4D6B5C942EC221B00060D37E /* TrackerUITests */ = {
			isa = PBXNativeTarget;
			buildConfigurationList = 4D6B5CA62EC221B00060D37E /* Build configuration list for PBXNativeTarget "TrackerUITests" */;
			buildPhases = (
				4D6B5C912EC221B00060D37E /* Sources */,
				4D6B5C922EC221B00060D37E /* Frameworks */,
				4D6B5C932EC221B00060D37E /* Resources */,
			);
			buildRules = (
			);
			dependencies = (
				4D6B5C972EC221B00060D37E /* PBXTargetDependency */,
			);
			fileSystemSynchronizedGroups = (
				4D6B5C982EC221B00060D37E /* TrackerUITests */,
			);
			name = TrackerUITests;
			packageProductDependencies = (
			);
			productName = TrackerUITests;
			productReference = 4D6B5C952EC221B00060D37E /* TrackerUITests.xctest */;
			productType = "com.apple.product-type.bundle.ui-testing";
		};
/* End PBXNativeTarget section */

/* Begin PBXProject section */
		4D6B5C6D2EC221AE0060D37E /* Project object */ = {
			isa = PBXProject;
			attributes = {
				BuildIndependentTargetsInParallel = 1;
				LastSwiftUpdateCheck = 2600;
				LastUpgradeCheck = 2600;
				TargetAttributes = {
					4D6B5C742EC221AE0060D37E = {
						CreatedOnToolsVersion = 26.0.1;
					};
					4D6B5C8A2EC221B00060D37E = {
						CreatedOnToolsVersion = 26.0.1;
						TestTargetID = 4D6B5C742EC221AE0060D37E;
					};
					4D6B5C942EC221B00060D37E = {
						CreatedOnToolsVersion = 26.0.1;
						TestTargetID = 4D6B5C742EC221AE0060D37E;
					};
				};
			};
			buildConfigurationList = 4D6B5C702EC221AE0060D37E /* Build configuration list for PBXProject "Tracker" */;
			developmentRegion = en;
			hasScannedForEncodings = 0;
			knownRegions = (
				en,
				Base,
			);
			mainGroup = 4D6B5C6C2EC221AE0060D37E;
			minimizedProjectReferenceProxies = 1;
			preferredProjectObjectVersion = 77;
			productRefGroup = 4D6B5C762EC221AE0060D37E /* Products */;
			projectDirPath = "";
			projectRoot = "";
			targets = (
				4D6B5C742EC221AE0060D37E /* Tracker */,
				4D6B5C8A2EC221B00060D37E /* TrackerTests */,
				4D6B5C942EC221B00060D37E /* TrackerUITests */,
			);
		};
/* End PBXProject section */

/* Begin PBXResourcesBuildPhase section */
		4D6B5C732EC221AE0060D37E /* Resources */ = {
			isa = PBXResourcesBuildPhase;
			buildActionMask = 2147483647;
			files = (
			);
			runOnlyForDeploymentPostprocessing = 0;
		};
		4D6B5C892EC221B00060D37E /* Resources */ = {
			isa = PBXResourcesBuildPhase;
			buildActionMask = 2147483647;
			files = (
			);
			runOnlyForDeploymentPostprocessing = 0;
		};
		4D6B5C932EC221B00060D37E /* Resources */ = {
			isa = PBXResourcesBuildPhase;
			buildActionMask = 2147483647;
			files = (
			);
			runOnlyForDeploymentPostprocessing = 0;
		};
/* End PBXResourcesBuildPhase section */

/* Begin PBXSourcesBuildPhase section */
		4D6B5C712EC221AE0060D37E /* Sources */ = {
			isa = PBXSourcesBuildPhase;
			buildActionMask = 2147483647;
			files = (
				4DBF55DD2ED3ABCB00076E0F /* ScheduleCell.swift in Sources */,
				4D14D6532EC4B18400289E5F /* DatePickerView.swift in Sources */,
				4DBF55CA2ED0ED3000076E0F /* TrackerSettingsCell.swift in Sources */,
				4DBF55CB2ED0ED3000076E0F /* TrackerSettingsTableView.swift in Sources */,
				4DBF55AE2ECF9C4700076E0F /* TrackerSectionHeaderView.swift in Sources */,
				4DBF55AA2ECF474800076E0F /* CollectionDelegateFlowLayout.swift in Sources */,
				4DBF55BD2ED07FA200076E0F /* AddTrackerViewController.swift in Sources */,
				4DBF54F92ECB583A00076E0F /* UISearchBarDelegate.swift in Sources */,
				4DBF55A52ECF46E000076E0F /* TrackerCollectionViewCell.swift in Sources */,
				4DBF55A62ECF46E000076E0F /* CollectionDataSource.swift in Sources */,
				4DBF55A72ECF46E000076E0F /* TrackersCollectionView.swift in Sources */,
				4DBF55D72ED39A0800076E0F /* ScheduleViewController.swift in Sources */,
				4D6B5D3C2EC358F40060D37E /* StatisticViewController.swift in Sources */,
				4DBF55B42ECFCE4A00076E0F /* TrackersMockData.swift in Sources */,
				4D6B5D3D2EC358F40060D37E /* TabBarController.swift in Sources */,
				4DBF55CD2ED1EACA00076E0F /* UITextFieldDelegate.swift in Sources */,
				4DBF55DB2ED3ABB500076E0F /* ScheduleTableView.swift in Sources */,
				4D6B5D3E2EC358F40060D37E /* TrackersViewController.swift in Sources */,
			);
			runOnlyForDeploymentPostprocessing = 0;
		};
		4D6B5C872EC221B00060D37E /* Sources */ = {
			isa = PBXSourcesBuildPhase;
			buildActionMask = 2147483647;
			files = (
			);
			runOnlyForDeploymentPostprocessing = 0;
		};
		4D6B5C912EC221B00060D37E /* Sources */ = {
			isa = PBXSourcesBuildPhase;
			buildActionMask = 2147483647;
			files = (
			);
			runOnlyForDeploymentPostprocessing = 0;
		};
/* End PBXSourcesBuildPhase section */

/* Begin PBXTargetDependency section */
		4D6B5C8D2EC221B00060D37E /* PBXTargetDependency */ = {
			isa = PBXTargetDependency;
			target = 4D6B5C742EC221AE0060D37E /* Tracker */;
			targetProxy = 4D6B5C8C2EC221B00060D37E /* PBXContainerItemProxy */;
		};
		4D6B5C972EC221B00060D37E /* PBXTargetDependency */ = {
			isa = PBXTargetDependency;
			target = 4D6B5C742EC221AE0060D37E /* Tracker */;
			targetProxy = 4D6B5C962EC221B00060D37E /* PBXContainerItemProxy */;
		};
/* End PBXTargetDependency section */

/* Begin XCBuildConfiguration section */
		4D6B5C9F2EC221B00060D37E /* Debug */ = {
			isa = XCBuildConfiguration;
			buildSettings = {
				ASSETCATALOG_COMPILER_APPICON_NAME = AppIcon;
				ASSETCATALOG_COMPILER_GLOBAL_ACCENT_COLOR_NAME = AccentColor;
				CODE_SIGN_STYLE = Automatic;
				CURRENT_PROJECT_VERSION = 1;
				DEVELOPMENT_TEAM = 2FA992XX77;
				GENERATE_INFOPLIST_FILE = YES;
				INFOPLIST_FILE = Tracker/Resources/Info.plist;
				INFOPLIST_KEY_CFBundleDisplayName = Tracker;
				INFOPLIST_KEY_UIApplicationSupportsIndirectInputEvents = YES;
				INFOPLIST_KEY_UILaunchStoryboardName = LaunchScreen;
				INFOPLIST_KEY_UISupportedInterfaceOrientations = UIInterfaceOrientationPortrait;
				INFOPLIST_KEY_UISupportedInterfaceOrientations_iPad = "UIInterfaceOrientationLandscapeLeft UIInterfaceOrientationLandscapeRight UIInterfaceOrientationPortrait UIInterfaceOrientationPortraitUpsideDown";
				IPHONEOS_DEPLOYMENT_TARGET = 17.0;
				LD_RUNPATH_SEARCH_PATHS = (
					"$(inherited)",
					"@executable_path/Frameworks",
				);
				MARKETING_VERSION = 1.0;
				PRODUCT_BUNDLE_IDENTIFIER = com.alla.black.Tracker;
				PRODUCT_NAME = "$(TARGET_NAME)";
				STRING_CATALOG_GENERATE_SYMBOLS = YES;
				SUPPORTED_PLATFORMS = "iphoneos iphonesimulator";
				SUPPORTS_MACCATALYST = NO;
				SUPPORTS_MAC_DESIGNED_FOR_IPHONE_IPAD = NO;
				SUPPORTS_XR_DESIGNED_FOR_IPHONE_IPAD = NO;
				SWIFT_APPROACHABLE_CONCURRENCY = YES;
				SWIFT_DEFAULT_ACTOR_ISOLATION = MainActor;
				SWIFT_EMIT_LOC_STRINGS = YES;
				SWIFT_UPCOMING_FEATURE_MEMBER_IMPORT_VISIBILITY = YES;
				SWIFT_VERSION = 5.0;
				TARGETED_DEVICE_FAMILY = 1;
			};
			name = Debug;
		};
		4D6B5CA02EC221B00060D37E /* Release */ = {
			isa = XCBuildConfiguration;
			buildSettings = {
				ASSETCATALOG_COMPILER_APPICON_NAME = AppIcon;
				ASSETCATALOG_COMPILER_GLOBAL_ACCENT_COLOR_NAME = AccentColor;
				CODE_SIGN_STYLE = Automatic;
				CURRENT_PROJECT_VERSION = 1;
				DEVELOPMENT_TEAM = 2FA992XX77;
				GENERATE_INFOPLIST_FILE = YES;
				INFOPLIST_FILE = Tracker/Resources/Info.plist;
				INFOPLIST_KEY_CFBundleDisplayName = Tracker;
				INFOPLIST_KEY_UIApplicationSupportsIndirectInputEvents = YES;
				INFOPLIST_KEY_UILaunchStoryboardName = LaunchScreen;
				INFOPLIST_KEY_UISupportedInterfaceOrientations = UIInterfaceOrientationPortrait;
				INFOPLIST_KEY_UISupportedInterfaceOrientations_iPad = "UIInterfaceOrientationLandscapeLeft UIInterfaceOrientationLandscapeRight UIInterfaceOrientationPortrait UIInterfaceOrientationPortraitUpsideDown";
				IPHONEOS_DEPLOYMENT_TARGET = 17.0;
				LD_RUNPATH_SEARCH_PATHS = (
					"$(inherited)",
					"@executable_path/Frameworks",
				);
				MARKETING_VERSION = 1.0;
				PRODUCT_BUNDLE_IDENTIFIER = com.alla.black.Tracker;
				PRODUCT_NAME = "$(TARGET_NAME)";
				STRING_CATALOG_GENERATE_SYMBOLS = YES;
				SUPPORTED_PLATFORMS = "iphoneos iphonesimulator";
				SUPPORTS_MACCATALYST = NO;
				SUPPORTS_MAC_DESIGNED_FOR_IPHONE_IPAD = NO;
				SUPPORTS_XR_DESIGNED_FOR_IPHONE_IPAD = NO;
				SWIFT_APPROACHABLE_CONCURRENCY = YES;
				SWIFT_DEFAULT_ACTOR_ISOLATION = MainActor;
				SWIFT_EMIT_LOC_STRINGS = YES;
				SWIFT_UPCOMING_FEATURE_MEMBER_IMPORT_VISIBILITY = YES;
				SWIFT_VERSION = 5.0;
				TARGETED_DEVICE_FAMILY = 1;
			};
			name = Release;
		};
		4D6B5CA12EC221B00060D37E /* Debug */ = {
			isa = XCBuildConfiguration;
			buildSettings = {
				ALWAYS_SEARCH_USER_PATHS = NO;
				ASSETCATALOG_COMPILER_GENERATE_SWIFT_ASSET_SYMBOL_EXTENSIONS = YES;
				CLANG_ANALYZER_NONNULL = YES;
				CLANG_ANALYZER_NUMBER_OBJECT_CONVERSION = YES_AGGRESSIVE;
				CLANG_CXX_LANGUAGE_STANDARD = "gnu++20";
				CLANG_ENABLE_MODULES = YES;
				CLANG_ENABLE_OBJC_ARC = YES;
				CLANG_ENABLE_OBJC_WEAK = YES;
				CLANG_WARN_BLOCK_CAPTURE_AUTORELEASING = YES;
				CLANG_WARN_BOOL_CONVERSION = YES;
				CLANG_WARN_COMMA = YES;
				CLANG_WARN_CONSTANT_CONVERSION = YES;
				CLANG_WARN_DEPRECATED_OBJC_IMPLEMENTATIONS = YES;
				CLANG_WARN_DIRECT_OBJC_ISA_USAGE = YES_ERROR;
				CLANG_WARN_DOCUMENTATION_COMMENTS = YES;
				CLANG_WARN_EMPTY_BODY = YES;
				CLANG_WARN_ENUM_CONVERSION = YES;
				CLANG_WARN_INFINITE_RECURSION = YES;
				CLANG_WARN_INT_CONVERSION = YES;
				CLANG_WARN_NON_LITERAL_NULL_CONVERSION = YES;
				CLANG_WARN_OBJC_IMPLICIT_RETAIN_SELF = YES;
				CLANG_WARN_OBJC_LITERAL_CONVERSION = YES;
				CLANG_WARN_OBJC_ROOT_CLASS = YES_ERROR;
				CLANG_WARN_QUOTED_INCLUDE_IN_FRAMEWORK_HEADER = YES;
				CLANG_WARN_RANGE_LOOP_ANALYSIS = YES;
				CLANG_WARN_STRICT_PROTOTYPES = YES;
				CLANG_WARN_SUSPICIOUS_MOVE = YES;
				CLANG_WARN_UNGUARDED_AVAILABILITY = YES_AGGRESSIVE;
				CLANG_WARN_UNREACHABLE_CODE = YES;
				CLANG_WARN__DUPLICATE_METHOD_MATCH = YES;
				COPY_PHASE_STRIP = NO;
				DEBUG_INFORMATION_FORMAT = dwarf;
				DEVELOPMENT_TEAM = 2FA992XX77;
				ENABLE_STRICT_OBJC_MSGSEND = YES;
				ENABLE_TESTABILITY = YES;
				ENABLE_USER_SCRIPT_SANDBOXING = YES;
				GCC_C_LANGUAGE_STANDARD = gnu17;
				GCC_DYNAMIC_NO_PIC = NO;
				GCC_NO_COMMON_BLOCKS = YES;
				GCC_OPTIMIZATION_LEVEL = 0;
				GCC_PREPROCESSOR_DEFINITIONS = (
					"DEBUG=1",
					"$(inherited)",
				);
				GCC_WARN_64_TO_32_BIT_CONVERSION = YES;
				GCC_WARN_ABOUT_RETURN_TYPE = YES_ERROR;
				GCC_WARN_UNDECLARED_SELECTOR = YES;
				GCC_WARN_UNINITIALIZED_AUTOS = YES_AGGRESSIVE;
				GCC_WARN_UNUSED_FUNCTION = YES;
				GCC_WARN_UNUSED_VARIABLE = YES;
				IPHONEOS_DEPLOYMENT_TARGET = 17.0;
				LOCALIZATION_PREFERS_STRING_CATALOGS = YES;
				MTL_ENABLE_DEBUG_INFO = INCLUDE_SOURCE;
				MTL_FAST_MATH = YES;
				ONLY_ACTIVE_ARCH = YES;
				SDKROOT = iphoneos;
				SWIFT_ACTIVE_COMPILATION_CONDITIONS = "DEBUG $(inherited)";
				SWIFT_OPTIMIZATION_LEVEL = "-Onone";
			};
			name = Debug;
		};
		4D6B5CA22EC221B00060D37E /* Release */ = {
			isa = XCBuildConfiguration;
			buildSettings = {
				ALWAYS_SEARCH_USER_PATHS = NO;
				ASSETCATALOG_COMPILER_GENERATE_SWIFT_ASSET_SYMBOL_EXTENSIONS = YES;
				CLANG_ANALYZER_NONNULL = YES;
				CLANG_ANALYZER_NUMBER_OBJECT_CONVERSION = YES_AGGRESSIVE;
				CLANG_CXX_LANGUAGE_STANDARD = "gnu++20";
				CLANG_ENABLE_MODULES = YES;
				CLANG_ENABLE_OBJC_ARC = YES;
				CLANG_ENABLE_OBJC_WEAK = YES;
				CLANG_WARN_BLOCK_CAPTURE_AUTORELEASING = YES;
				CLANG_WARN_BOOL_CONVERSION = YES;
				CLANG_WARN_COMMA = YES;
				CLANG_WARN_CONSTANT_CONVERSION = YES;
				CLANG_WARN_DEPRECATED_OBJC_IMPLEMENTATIONS = YES;
				CLANG_WARN_DIRECT_OBJC_ISA_USAGE = YES_ERROR;
				CLANG_WARN_DOCUMENTATION_COMMENTS = YES;
				CLANG_WARN_EMPTY_BODY = YES;
				CLANG_WARN_ENUM_CONVERSION = YES;
				CLANG_WARN_INFINITE_RECURSION = YES;
				CLANG_WARN_INT_CONVERSION = YES;
				CLANG_WARN_NON_LITERAL_NULL_CONVERSION = YES;
				CLANG_WARN_OBJC_IMPLICIT_RETAIN_SELF = YES;
				CLANG_WARN_OBJC_LITERAL_CONVERSION = YES;
				CLANG_WARN_OBJC_ROOT_CLASS = YES_ERROR;
				CLANG_WARN_QUOTED_INCLUDE_IN_FRAMEWORK_HEADER = YES;
				CLANG_WARN_RANGE_LOOP_ANALYSIS = YES;
				CLANG_WARN_STRICT_PROTOTYPES = YES;
				CLANG_WARN_SUSPICIOUS_MOVE = YES;
				CLANG_WARN_UNGUARDED_AVAILABILITY = YES_AGGRESSIVE;
				CLANG_WARN_UNREACHABLE_CODE = YES;
				CLANG_WARN__DUPLICATE_METHOD_MATCH = YES;
				COPY_PHASE_STRIP = NO;
				DEBUG_INFORMATION_FORMAT = "dwarf-with-dsym";
				DEVELOPMENT_TEAM = 2FA992XX77;
				ENABLE_NS_ASSERTIONS = NO;
				ENABLE_STRICT_OBJC_MSGSEND = YES;
				ENABLE_USER_SCRIPT_SANDBOXING = YES;
				GCC_C_LANGUAGE_STANDARD = gnu17;
				GCC_NO_COMMON_BLOCKS = YES;
				GCC_WARN_64_TO_32_BIT_CONVERSION = YES;
				GCC_WARN_ABOUT_RETURN_TYPE = YES_ERROR;
				GCC_WARN_UNDECLARED_SELECTOR = YES;
				GCC_WARN_UNINITIALIZED_AUTOS = YES_AGGRESSIVE;
				GCC_WARN_UNUSED_FUNCTION = YES;
				GCC_WARN_UNUSED_VARIABLE = YES;
				IPHONEOS_DEPLOYMENT_TARGET = 17.0;
				LOCALIZATION_PREFERS_STRING_CATALOGS = YES;
				MTL_ENABLE_DEBUG_INFO = NO;
				MTL_FAST_MATH = YES;
				SDKROOT = iphoneos;
				SWIFT_COMPILATION_MODE = wholemodule;
				VALIDATE_PRODUCT = YES;
			};
			name = Release;
		};
		4D6B5CA42EC221B00060D37E /* Debug */ = {
			isa = XCBuildConfiguration;
			buildSettings = {
				BUNDLE_LOADER = "$(TEST_HOST)";
				CODE_SIGN_STYLE = Automatic;
				CURRENT_PROJECT_VERSION = 1;
				DEVELOPMENT_TEAM = 2FA992XX77;
				GENERATE_INFOPLIST_FILE = YES;
				IPHONEOS_DEPLOYMENT_TARGET = 26.0;
				MARKETING_VERSION = 1.0;
				PRODUCT_BUNDLE_IDENTIFIER = com.alla.black.TrackerTests;
				PRODUCT_NAME = "$(TARGET_NAME)";
				STRING_CATALOG_GENERATE_SYMBOLS = NO;
				SWIFT_APPROACHABLE_CONCURRENCY = YES;
				SWIFT_EMIT_LOC_STRINGS = NO;
				SWIFT_UPCOMING_FEATURE_MEMBER_IMPORT_VISIBILITY = YES;
				SWIFT_VERSION = 5.0;
				TARGETED_DEVICE_FAMILY = "1,2";
				TEST_HOST = "$(BUILT_PRODUCTS_DIR)/Tracker.app/$(BUNDLE_EXECUTABLE_FOLDER_PATH)/Tracker";
			};
			name = Debug;
		};
		4D6B5CA52EC221B00060D37E /* Release */ = {
			isa = XCBuildConfiguration;
			buildSettings = {
				BUNDLE_LOADER = "$(TEST_HOST)";
				CODE_SIGN_STYLE = Automatic;
				CURRENT_PROJECT_VERSION = 1;
				DEVELOPMENT_TEAM = 2FA992XX77;
				GENERATE_INFOPLIST_FILE = YES;
				IPHONEOS_DEPLOYMENT_TARGET = 26.0;
				MARKETING_VERSION = 1.0;
				PRODUCT_BUNDLE_IDENTIFIER = com.alla.black.TrackerTests;
				PRODUCT_NAME = "$(TARGET_NAME)";
				STRING_CATALOG_GENERATE_SYMBOLS = NO;
				SWIFT_APPROACHABLE_CONCURRENCY = YES;
				SWIFT_EMIT_LOC_STRINGS = NO;
				SWIFT_UPCOMING_FEATURE_MEMBER_IMPORT_VISIBILITY = YES;
				SWIFT_VERSION = 5.0;
				TARGETED_DEVICE_FAMILY = "1,2";
				TEST_HOST = "$(BUILT_PRODUCTS_DIR)/Tracker.app/$(BUNDLE_EXECUTABLE_FOLDER_PATH)/Tracker";
			};
			name = Release;
		};
		4D6B5CA72EC221B00060D37E /* Debug */ = {
			isa = XCBuildConfiguration;
			buildSettings = {
				CODE_SIGN_STYLE = Automatic;
				CURRENT_PROJECT_VERSION = 1;
				DEVELOPMENT_TEAM = 2FA992XX77;
				GENERATE_INFOPLIST_FILE = YES;
				MARKETING_VERSION = 1.0;
				PRODUCT_BUNDLE_IDENTIFIER = com.alla.black.TrackerUITests;
				PRODUCT_NAME = "$(TARGET_NAME)";
				STRING_CATALOG_GENERATE_SYMBOLS = NO;
				SWIFT_APPROACHABLE_CONCURRENCY = YES;
				SWIFT_EMIT_LOC_STRINGS = NO;
				SWIFT_UPCOMING_FEATURE_MEMBER_IMPORT_VISIBILITY = YES;
				SWIFT_VERSION = 5.0;
				TARGETED_DEVICE_FAMILY = "1,2";
				TEST_TARGET_NAME = Tracker;
			};
			name = Debug;
		};
		4D6B5CA82EC221B00060D37E /* Release */ = {
			isa = XCBuildConfiguration;
			buildSettings = {
				CODE_SIGN_STYLE = Automatic;
				CURRENT_PROJECT_VERSION = 1;
				DEVELOPMENT_TEAM = 2FA992XX77;
				GENERATE_INFOPLIST_FILE = YES;
				MARKETING_VERSION = 1.0;
				PRODUCT_BUNDLE_IDENTIFIER = com.alla.black.TrackerUITests;
				PRODUCT_NAME = "$(TARGET_NAME)";
				STRING_CATALOG_GENERATE_SYMBOLS = NO;
				SWIFT_APPROACHABLE_CONCURRENCY = YES;
				SWIFT_EMIT_LOC_STRINGS = NO;
				SWIFT_UPCOMING_FEATURE_MEMBER_IMPORT_VISIBILITY = YES;
				SWIFT_VERSION = 5.0;
				TARGETED_DEVICE_FAMILY = "1,2";
				TEST_TARGET_NAME = Tracker;
			};
			name = Release;
		};
/* End XCBuildConfiguration section */

/* Begin XCConfigurationList section */
		4D6B5C702EC221AE0060D37E /* Build configuration list for PBXProject "Tracker" */ = {
			isa = XCConfigurationList;
			buildConfigurations = (
				4D6B5CA12EC221B00060D37E /* Debug */,
				4D6B5CA22EC221B00060D37E /* Release */,
			);
			defaultConfigurationIsVisible = 0;
			defaultConfigurationName = Release;
		};
		4D6B5C9E2EC221B00060D37E /* Build configuration list for PBXNativeTarget "Tracker" */ = {
			isa = XCConfigurationList;
			buildConfigurations = (
				4D6B5C9F2EC221B00060D37E /* Debug */,
				4D6B5CA02EC221B00060D37E /* Release */,
			);
			defaultConfigurationIsVisible = 0;
			defaultConfigurationName = Release;
		};
		4D6B5CA32EC221B00060D37E /* Build configuration list for PBXNativeTarget "TrackerTests" */ = {
			isa = XCConfigurationList;
			buildConfigurations = (
				4D6B5CA42EC221B00060D37E /* Debug */,
				4D6B5CA52EC221B00060D37E /* Release */,
			);
			defaultConfigurationIsVisible = 0;
			defaultConfigurationName = Release;
		};
		4D6B5CA62EC221B00060D37E /* Build configuration list for PBXNativeTarget "TrackerUITests" */ = {
			isa = XCConfigurationList;
			buildConfigurations = (
				4D6B5CA72EC221B00060D37E /* Debug */,
				4D6B5CA82EC221B00060D37E /* Release */,
			);
			defaultConfigurationIsVisible = 0;
			defaultConfigurationName = Release;
		};
/* End XCConfigurationList section */
	};
	rootObject = 4D6B5C6D2EC221AE0060D37E /* Project object */;
}
